
Microsoft Visual Studio Solution File, Format Version 12.00
# Visual Studio 15
VisualStudioVersion = 15.0.26730.12
MinimumVisualStudioVersion = 10.0.40219.1
Project("{FAE04EC0-301F-11D3-BF4B-00C04F79EFBC}") = "Challenging Mechanics 3", "Challenging Mechanics 3\Challenging Mechanics 3.csproj", "{D6581736-A2C2-4F69-89DA-53E0113CFE79}"
EndProject
Global
	GlobalSection(SolutionConfigurationPlatforms) = preSolution
		Debug|Any CPU = Debug|Any CPU
		Release|Any CPU = Release|Any CPU
	EndGlobalSection
	GlobalSection(ProjectConfigurationPlatforms) = postSolution
		{D6581736-A2C2-4F69-89DA-53E0113CFE79}.Debug|Any CPU.ActiveCfg = Debug|Any CPU
		{D6581736-A2C2-4F69-89DA-53E0113CFE79}.Debug|Any CPU.Build.0 = Debug|Any CPU
		{D6581736-A2C2-4F69-89DA-53E0113CFE79}.Release|Any CPU.ActiveCfg = Release|Any CPU
		{D6581736-A2C2-4F69-89DA-53E0113CFE79}.Release|Any CPU.Build.0 = Release|Any CPU
	EndGlobalSection
	GlobalSection(SolutionProperties) = preSolution
		HideSolutionNode = FALSE
	EndGlobalSection
	GlobalSection(ExtensibilityGlobals) = postSolution
		SolutionGuid = {E594F64C-EE5C-400F-BF26-A56A8DA5CF58}
	EndGlobalSection
EndGlobal
